// !$*UTF8*$!
{
	archiveVersion = 1;
	classes = {
	};
	objectVersion = 50;
	objects = {

/* Begin PBXBuildFile section */
		894E6BB123DA3FC200586384 /* rolldice.mp3 in Resources */ = {isa = PBXBuildFile; fileRef = 894E6BAD23DA3FC100586384 /* rolldice.mp3 */; };
		894E6BB223DA3FC200586384 /* torpedo.mp3 in Resources */ = {isa = PBXBuildFile; fileRef = 894E6BAE23DA3FC100586384 /* torpedo.mp3 */; };
		894E6BB323DA3FC200586384 /* zfanfare.mp3 in Resources */ = {isa = PBXBuildFile; fileRef = 894E6BAF23DA3FC100586384 /* zfanfare.mp3 */; };
		894E6BB423DA3FC200586384 /* failwah.mp3 in Resources */ = {isa = PBXBuildFile; fileRef = 894E6BB023DA3FC200586384 /* failwah.mp3 */; };
		D461648D23D78ADF0072384B /* AppDelegate.swift in Sources */ = {isa = PBXBuildFile; fileRef = D461648C23D78ADF0072384B /* AppDelegate.swift */; };
		D461648F23D78ADF0072384B /* SceneDelegate.swift in Sources */ = {isa = PBXBuildFile; fileRef = D461648E23D78ADF0072384B /* SceneDelegate.swift */; };
		D461649123D78ADF0072384B /* ViewController.swift in Sources */ = {isa = PBXBuildFile; fileRef = D461649023D78ADF0072384B /* ViewController.swift */; };
		D461649423D78ADF0072384B /* Main.storyboard in Resources */ = {isa = PBXBuildFile; fileRef = D461649223D78ADF0072384B /* Main.storyboard */; };
		D461649623D78AE20072384B /* Assets.xcassets in Resources */ = {isa = PBXBuildFile; fileRef = D461649523D78AE20072384B /* Assets.xcassets */; };
		D461649923D78AE20072384B /* LaunchScreen.storyboard in Resources */ = {isa = PBXBuildFile; fileRef = D461649723D78AE20072384B /* LaunchScreen.storyboard */; };
/* End PBXBuildFile section */

/* Begin PBXFileReference section */
		894E6BAD23DA3FC100586384 /* rolldice.mp3 */ = {isa = PBXFileReference; lastKnownFileType = audio.mp3; path = rolldice.mp3; sourceTree = "<group>"; };
		894E6BAE23DA3FC100586384 /* torpedo.mp3 */ = {isa = PBXFileReference; lastKnownFileType = audio.mp3; path = torpedo.mp3; sourceTree = "<group>"; };
		894E6BAF23DA3FC100586384 /* zfanfare.mp3 */ = {isa = PBXFileReference; lastKnownFileType = audio.mp3; path = zfanfare.mp3; sourceTree = "<group>"; };
		894E6BB023DA3FC200586384 /* failwah.mp3 */ = {isa = PBXFileReference; lastKnownFileType = audio.mp3; path = failwah.mp3; sourceTree = "<group>"; };
		D461648923D78ADF0072384B /* Dice.app */ = {isa = PBXFileReference; explicitFileType = wrapper.application; includeInIndex = 0; path = Dice.app; sourceTree = BUILT_PRODUCTS_DIR; };
		D461648C23D78ADF0072384B /* AppDelegate.swift */ = {isa = PBXFileReference; lastKnownFileType = sourcecode.swift; path = AppDelegate.swift; sourceTree = "<group>"; };
		D461648E23D78ADF0072384B /* SceneDelegate.swift */ = {isa = PBXFileReference; lastKnownFileType = sourcecode.swift; path = SceneDelegate.swift; sourceTree = "<group>"; };
		D461649023D78ADF0072384B /* ViewController.swift */ = {isa = PBXFileReference; lastKnownFileType = sourcecode.swift; path = ViewController.swift; sourceTree = "<group>"; };
		D461649323D78ADF0072384B /* Base */ = {isa = PBXFileReference; lastKnownFileType = file.storyboard; name = Base; path = Base.lproj/Main.storyboard; sourceTree = "<group>"; };
		D461649523D78AE20072384B /* Assets.xcassets */ = {isa = PBXFileReference; lastKnownFileType = folder.assetcatalog; path = Assets.xcassets; sourceTree = "<group>"; };
		D461649823D78AE20072384B /* Base */ = {isa = PBXFileReference; lastKnownFileType = file.storyboard; name = Base; path = Base.lproj/LaunchScreen.storyboard; sourceTree = "<group>"; };
		D461649A23D78AE20072384B /* Info.plist */ = {isa = PBXFileReference; lastKnownFileType = text.plist.xml; path = Info.plist; sourceTree = "<group>"; };
/* End PBXFileReference section */

/* Begin PBXFrameworksBuildPhase section */
		D461648623D78ADF0072384B /* Frameworks */ = {
			isa = PBXFrameworksBuildPhase;
			buildActionMask = 2147483647;
			files = (
			);
			runOnlyForDeploymentPostprocessing = 0;
		};
/* End PBXFrameworksBuildPhase section */

/* Begin PBXGroup section */
		894E6BA423DA308900586384 /* Raw */ = {
			isa = PBXGroup;
			children = (
				894E6BB023DA3FC200586384 /* failwah.mp3 */,
				894E6BAD23DA3FC100586384 /* rolldice.mp3 */,
				894E6BAE23DA3FC100586384 /* torpedo.mp3 */,
				894E6BAF23DA3FC100586384 /* zfanfare.mp3 */,
			);
			path = Raw;
			sourceTree = "<group>";
		};
		D461648023D78ADF0072384B = {
			isa = PBXGroup;
			children = (
				D461648B23D78ADF0072384B /* Dice */,
				D461648A23D78ADF0072384B /* Products */,
			);
			sourceTree = "<group>";
		};
		D461648A23D78ADF0072384B /* Products */ = {
			isa = PBXGroup;
			children = (
				D461648923D78ADF0072384B /* Dice.app */,
			);
			name = Products;
			sourceTree = "<group>";
		};
		D461648B23D78ADF0072384B /* Dice */ = {
			isa = PBXGroup;
			children = (
				894E6BA423DA308900586384 /* Raw */,
				D461648C23D78ADF0072384B /* AppDelegate.swift */,
				D461648E23D78ADF0072384B /* SceneDelegate.swift */,
				D461649023D78ADF0072384B /* ViewController.swift */,
				D461649223D78ADF0072384B /* Main.storyboard */,
				D461649523D78AE20072384B /* Assets.xcassets */,
				D461649723D78AE20072384B /* LaunchScreen.storyboard */,
				D461649A23D78AE20072384B /* Info.plist */,
			);
			path = Dice;
			sourceTree = "<group>";
		};
/* End PBXGroup section */

/* Begin PBXNativeTarget section */
		D461648823D78ADF0072384B /* Dice */ = {
			isa = PBXNativeTarget;
			buildConfigurationList = D461649D23D78AE20072384B /* Build configuration list for PBXNativeTarget "Dice" */;
			buildPhases = (
				D461648523D78ADF0072384B /* Sources */,
				D461648623D78ADF0072384B /* Frameworks */,
				D461648723D78ADF0072384B /* Resources */,
			);
			buildRules = (
			);
			dependencies = (
			);
			name = Dice;
			productName = Dice;
			productReference = D461648923D78ADF0072384B /* Dice.app */;
			productType = "com.apple.product-type.application";
		};
/* End PBXNativeTarget section */

/* Begin PBXProject section */
		D461648123D78ADF0072384B /* Project object */ = {
			isa = PBXProject;
			attributes = {
				LastSwiftUpdateCheck = 1130;
				LastUpgradeCheck = 1130;
				ORGANIZATIONNAME = "Sihong Guo";
				TargetAttributes = {
					D461648823D78ADF0072384B = {
						CreatedOnToolsVersion = 11.3.1;
					};
				};
			};
			buildConfigurationList = D461648423D78ADF0072384B /* Build configuration list for PBXProject "Dice" */;
			compatibilityVersion = "Xcode 9.3";
			developmentRegion = en;
			hasScannedForEncodings = 0;
			knownRegions = (
				en,
				Base,
			);
			mainGroup = D461648023D78ADF0072384B;
			productRefGroup = D461648A23D78ADF0072384B /* Products */;
			projectDirPath = "";
			projectRoot = "";
			targets = (
				D461648823D78ADF0072384B /* Dice */,
			);
		};
/* End PBXProject section */

/* Begin PBXResourcesBuildPhase section */
		D461648723D78ADF0072384B /* Resources */ = {
			isa = PBXResourcesBuildPhase;
			buildActionMask = 2147483647;
			files = (
				894E6BB223DA3FC200586384 /* torpedo.mp3 in Resources */,
				894E6BB123DA3FC200586384 /* rolldice.mp3 in Resources */,
				D461649923D78AE20072384B /* LaunchScreen.storyboard in Resources */,
				894E6BB423DA3FC200586384 /* failwah.mp3 in Resources */,
				894E6BB323DA3FC200586384 /* zfanfare.mp3 in Resources */,
				D461649623D78AE20072384B /* Assets.xcassets in Resources */,
				D461649423D78ADF0072384B /* Main.storyboard in Resources */,
			);
			runOnlyForDeploymentPostprocessing = 0;
		};
/* End PBXResourcesBuildPhase section */

/* Begin PBXSourcesBuildPhase section */
		D461648523D78ADF0072384B /* Sources */ = {
			isa = PBXSourcesBuildPhase;
			buildActionMask = 2147483647;
			files = (
				D461649123D78ADF0072384B /* ViewController.swift in Sources */,
				D461648D23D78ADF0072384B /* AppDelegate.swift in Sources */,
				D461648F23D78ADF0072384B /* SceneDelegate.swift in Sources */,
			);
			runOnlyForDeploymentPostprocessing = 0;
		};
/* End PBXSourcesBuildPhase section */

/* Begin PBXVariantGroup section */
		D461649223D78ADF0072384B /* Main.storyboard */ = {
			isa = PBXVariantGroup;
			children = (
				D461649323D78ADF0072384B /* Base */,
			);
			name = Main.storyboard;
			sourceTree = "<group>";
		};
		D461649723D78AE20072384B /* LaunchScreen.storyboard */ = {
			isa = PBXVariantGroup;
			children = (
				D461649823D78AE20072384B /* Base */,
			);
			name = LaunchScreen.storyboard;
			sourceTree = "<group>";
		};
/* End PBXVariantGroup section */

/* Begin XCBuildConfiguration section */
		D461649B23D78AE20072384B /* Debug */ = {
			isa = XCBuildConfiguration;
			buildSettings = {
				ALWAYS_SEARCH_USER_PATHS = NO;
				CLANG_ANALYZER_NONNULL = YES;
				CLANG_ANALYZER_NUMBER_OBJECT_CONVERSION = YES_AGGRESSIVE;
				CLANG_CXX_LANGUAGE_STANDARD = "gnu++14";
				CLANG_CXX_LIBRARY = "libc++";
				CLANG_ENABLE_MODULES = YES;
				CLANG_ENABLE_OBJC_ARC = YES;
				CLANG_ENABLE_OBJC_WEAK = YES;
				CLANG_WARN_BLOCK_CAPTURE_AUTORELEASING = YES;
				CLANG_WARN_BOOL_CONVERSION = YES;
				CLANG_WARN_COMMA = YES;
				CLANG_WARN_CONSTANT_CONVERSION = YES;
				CLANG_WARN_DEPRECATED_OBJC_IMPLEMENTATIONS = YES;
				CLANG_WARN_DIRECT_OBJC_ISA_USAGE = YES_ERROR;
				CLANG_WARN_DOCUMENTATION_COMMENTS = YES;
				CLANG_WARN_EMPTY_BODY = YES;
				CLANG_WARN_ENUM_CONVERSION = YES;
				CLANG_WARN_INFINITE_RECURSION = YES;
				CLANG_WARN_INT_CONVERSION = YES;
				CLANG_WARN_NON_LITERAL_NULL_CONVERSION = YES;
				CLANG_WARN_OBJC_IMPLICIT_RETAIN_SELF = YES;
				CLANG_WARN_OBJC_LITERAL_CONVERSION = YES;
				CLANG_WARN_OBJC_ROOT_CLASS = YES_ERROR;
				CLANG_WARN_RANGE_LOOP_ANALYSIS = YES;
				CLANG_WARN_STRICT_PROTOTYPES = YES;
				CLANG_WARN_SUSPICIOUS_MOVE = YES;
				CLANG_WARN_UNGUARDED_AVAILABILITY = YES_AGGRESSIVE;
				CLANG_WARN_UNREACHABLE_CODE = YES;
				CLANG_WARN__DUPLICATE_METHOD_MATCH = YES;
				COPY_PHASE_STRIP = NO;
				DEBUG_INFORMATION_FORMAT = dwarf;
				ENABLE_STRICT_OBJC_MSGSEND = YES;
				ENABLE_TESTABILITY = YES;
				GCC_C_LANGUAGE_STANDARD = gnu11;
				GCC_DYNAMIC_NO_PIC = NO;
				GCC_NO_COMMON_BLOCKS = YES;
				GCC_OPTIMIZATION_LEVEL = 0;
				GCC_PREPROCESSOR_DEFINITIONS = (
					"DEBUG=1",
					"$(inherited)",
				);
				GCC_WARN_64_TO_32_BIT_CONVERSION = YES;
				GCC_WARN_ABOUT_RETURN_TYPE = YES_ERROR;
				GCC_WARN_UNDECLARED_SELECTOR = YES;
				GCC_WARN_UNINITIALIZED_AUTOS = YES_AGGRESSIVE;
				GCC_WARN_UNUSED_FUNCTION = YES;
				GCC_WARN_UNUSED_VARIABLE = YES;
				IPHONEOS_DEPLOYMENT_TARGET = 13.2;
				MTL_ENABLE_DEBUG_INFO = INCLUDE_SOURCE;
				MTL_FAST_MATH = YES;
				ONLY_ACTIVE_ARCH = YES;
				SDKROOT = iphoneos;
				SWIFT_ACTIVE_COMPILATION_CONDITIONS = DEBUG;
				SWIFT_OPTIMIZATION_LEVEL = "-Onone";
			};
			name = Debug;
		};
		D461649C23D78AE20072384B /* Release */ = {
			isa = XCBuildConfiguration;
			buildSettings = {
				ALWAYS_SEARCH_USER_PATHS = NO;
				CLANG_ANALYZER_NONNULL = YES;
				CLANG_ANALYZER_NUMBER_OBJECT_CONVERSION = YES_AGGRESSIVE;
				CLANG_CXX_LANGUAGE_STANDARD = "gnu++14";
				CLANG_CXX_LIBRARY = "libc++";
				CLANG_ENABLE_MODULES = YES;
				CLANG_ENABLE_OBJC_ARC = YES;
				CLANG_ENABLE_OBJC_WEAK = YES;
				CLANG_WARN_BLOCK_CAPTURE_AUTORELEASING = YES;
				CLANG_WARN_BOOL_CONVERSION = YES;
				CLANG_WARN_COMMA = YES;
				CLANG_WARN_CONSTANT_CONVERSION = YES;
				CLANG_WARN_DEPRECATED_OBJC_IMPLEMENTATIONS = YES;
				CLANG_WARN_DIRECT_OBJC_ISA_USAGE = YES_ERROR;
				CLANG_WARN_DOCUMENTATION_COMMENTS = YES;
				CLANG_WARN_EMPTY_BODY = YES;
				CLANG_WARN_ENUM_CONVERSION = YES;
				CLANG_WARN_INFINITE_RECURSION = YES;
				CLANG_WARN_INT_CONVERSION = YES;
				CLANG_WARN_NON_LITERAL_NULL_CONVERSION = YES;
				CLANG_WARN_OBJC_IMPLICIT_RETAIN_SELF = YES;
				CLANG_WARN_OBJC_LITERAL_CONVERSION = YES;
				CLANG_WARN_OBJC_ROOT_CLASS = YES_ERROR;
				CLANG_WARN_RANGE_LOOP_ANALYSIS = YES;
				CLANG_WARN_STRICT_PROTOTYPES = YES;
				CLANG_WARN_SUSPICIOUS_MOVE = YES;
				CLANG_WARN_UNGUARDED_AVAILABILITY = YES_AGGRESSIVE;
				CLANG_WARN_UNREACHABLE_CODE = YES;
				CLANG_WARN__DUPLICATE_METHOD_MATCH = YES;
				COPY_PHASE_STRIP = NO;
				DEBUG_INFORMATION_FORMAT = "dwarf-with-dsym";
				ENABLE_NS_ASSERTIONS = NO;
				ENABLE_STRICT_OBJC_MSGSEND = YES;
				GCC_C_LANGUAGE_STANDARD = gnu11;
				GCC_NO_COMMON_BLOCKS = YES;
				GCC_WARN_64_TO_32_BIT_CONVERSION = YES;
				GCC_WARN_ABOUT_RETURN_TYPE = YES_ERROR;
				GCC_WARN_UNDECLARED_SELECTOR = YES;
				GCC_WARN_UNINITIALIZED_AUTOS = YES_AGGRESSIVE;
				GCC_WARN_UNUSED_FUNCTION = YES;
				GCC_WARN_UNUSED_VARIABLE = YES;
				IPHONEOS_DEPLOYMENT_TARGET = 13.2;
				MTL_ENABLE_DEBUG_INFO = NO;
				MTL_FAST_MATH = YES;
				SDKROOT = iphoneos;
				SWIFT_COMPILATION_MODE = wholemodule;
				SWIFT_OPTIMIZATION_LEVEL = "-O";
				VALIDATE_PRODUCT = YES;
			};
			name = Release;
		};
		D461649E23D78AE20072384B /* Debug */ = {
			isa = XCBuildConfiguration;
			buildSettings = {
				ASSETCATALOG_COMPILER_APPICON_NAME = AppIcon;
				CODE_SIGN_STYLE = Automatic;
				INFOPLIST_FILE = Dice/Info.plist;
				LD_RUNPATH_SEARCH_PATHS = (
					"$(inherited)",
					"@executable_path/Frameworks",
				);
				PRODUCT_BUNDLE_IDENTIFIER = sxg16a.Dice;
				PRODUCT_NAME = "$(TARGET_NAME)";
				SWIFT_VERSION = 5.0;
				TARGETED_DEVICE_FAMILY = "1,2";
			};
			name = Debug;
		};
		D461649F23D78AE20072384B /* Release */ = {
			isa = XCBuildConfiguration;
			buildSettings = {
				ASSETCATALOG_COMPILER_APPICON_NAME = AppIcon;
				CODE_SIGN_STYLE = Automatic;
				INFOPLIST_FILE = Dice/Info.plist;
				LD_RUNPATH_SEARCH_PATHS = (
					"$(inherited)",
					"@executable_path/Frameworks",
				);
				PRODUCT_BUNDLE_IDENTIFIER = sxg16a.Dice;
				PRODUCT_NAME = "$(TARGET_NAME)";
				SWIFT_VERSION = 5.0;
				TARGETED_DEVICE_FAMILY = "1,2";
			};
			name = Release;
		};
/* End XCBuildConfiguration section */

/* Begin XCConfigurationList section */
		D461648423D78ADF0072384B /* Build configuration list for PBXProject "Dice" */ = {
			isa = XCConfigurationList;
			buildConfigurations = (
				D461649B23D78AE20072384B /* Debug */,
				D461649C23D78AE20072384B /* Release */,
			);
			defaultConfigurationIsVisible = 0;
			defaultConfigurationName = Release;
		};
		D461649D23D78AE20072384B /* Build configuration list for PBXNativeTarget "Dice" */ = {
			isa = XCConfigurationList;
			buildConfigurations = (
				D461649E23D78AE20072384B /* Debug */,
				D461649F23D78AE20072384B /* Release */,
			);
			defaultConfigurationIsVisible = 0;
			defaultConfigurationName = Release;
		};
/* End XCConfigurationList section */
	};
	rootObject = D461648123D78ADF0072384B /* Project object */;
}
